
Microsoft Visual Studio Solution File, Format Version 12.00
# Visual Studio Version 17
VisualStudioVersion = 17.12.35707.178 d17.12
MinimumVisualStudioVersion = 10.0.40219.1
Project("{FAE04EC0-301F-11D3-BF4B-00C04F79EFBC}") = "ThrowingDiceGUI", "ThrowingDiceGUI\ThrowingDiceGUI.csproj", "{DE950F1C-E8CA-42FE-84E5-4B8BE6BB3671}"
EndProject
Project("{FAE04EC0-301F-11D3-BF4B-00C04F79EFBC}") = "ThrowingDiceGUI.Desktop", "ThrowingDiceGUI.Desktop\ThrowingDiceGUI.Desktop.csproj", "{A7AD273A-FFCB-4059-94BA-42754ABBC233}"
EndProject
Global
	GlobalSection(SolutionConfigurationPlatforms) = preSolution
		Debug|Any CPU = Debug|Any CPU
		Release|Any CPU = Release|Any CPU
	EndGlobalSection
	GlobalSection(ProjectConfigurationPlatforms) = postSolution
		{DE950F1C-E8CA-42FE-84E5-4B8BE6BB3671}.Debug|Any CPU.ActiveCfg = Debug|Any CPU
		{DE950F1C-E8CA-42FE-84E5-4B8BE6BB3671}.Debug|Any CPU.Build.0 = Debug|Any CPU
		{DE950F1C-E8CA-42FE-84E5-4B8BE6BB3671}.Release|Any CPU.ActiveCfg = Release|Any CPU
		{DE950F1C-E8CA-42FE-84E5-4B8BE6BB3671}.Release|Any CPU.Build.0 = Release|Any CPU
		{A7AD273A-FFCB-4059-94BA-42754ABBC233}.Debug|Any CPU.ActiveCfg = Debug|Any CPU
		{A7AD273A-FFCB-4059-94BA-42754ABBC233}.Debug|Any CPU.Build.0 = Debug|Any CPU
		{A7AD273A-FFCB-4059-94BA-42754ABBC233}.Release|Any CPU.ActiveCfg = Release|Any CPU
		{A7AD273A-FFCB-4059-94BA-42754ABBC233}.Release|Any CPU.Build.0 = Release|Any CPU
	EndGlobalSection
	GlobalSection(SolutionProperties) = preSolution
		HideSolutionNode = FALSE
	EndGlobalSection
EndGlobal
